{
	"name": "@brazilian-utils/bridge",
	"version": "0.0.0",
	"lockfileVersion": 3,
	"requires": true,
	"packages": {
		"": {
			"name": "@brazilian-utils/bridge",
			"version": "0.0.0",
			"devDependencies": {
				"oxc-parser": "^0.98.0"
			}
		},
		"node_modules/@emnapi/core": {
			"version": "1.11.3",
			"resolved": "https://registry.npmjs.org/@emnapi/core/-/core-1.11.3.tgz",
			"integrity": "sha512-zLpS5asjEb7lq8jYLq37N6XKaE41DIexlY1rF/z4/tIl3wo13Sqm28fRyfIsKZD+NZ8mM5RoKkpW/rBcuoSZSg==",
			"dev": true,
			"license": "MIT",
			"optional": true,
			"peer": true,
			"dependencies": {
				"@emnapi/wasi-threads": "1.2.3",
				"tslib": "^2.4.0"
			}
		},
		"node_modules/@emnapi/runtime": {
			"version": "1.11.3",
			"resolved": "https://registry.npmjs.org/@emnapi/runtime/-/runtime-1.11.3.tgz",
			"integrity": "sha512-Xz4Tpyki7XyrpbUK1jR1AhdAdaXyhhY4lZ3neLodmhpuWfy2PAQN5B46sAiU4liOXGLkHypn/qU+jvfWSCYYLA==",
			"dev": true,
			"license": "MIT",
			"optional": true,
			"peer": true,
			"dependencies": {
				"tslib": "^2.4.0"
			}
		},
		"node_modules/@emnapi/wasi-threads": {
			"version": "1.2.3",
			"resolved": "https://registry.npmjs.org/@emnapi/wasi-threads/-/wasi-threads-1.2.3.tgz",
			"integrity": "sha512-ELEBe8PsLvvJ6QMr0zLt8ffvOHW/dc1m3CEzNMg7aJUv3bMaoDtw2TXyDAwkYBuroxxuHEwhRTLJSe5sya547g==",
			"dev": true,
			"license": "MIT",
			"optional": true,
			"peer": true,
			"dependencies": {
				"tslib": "^2.4.0"
			}
		},
		"node_modules/@napi-rs/wasm-runtime": {
			"version": "1.2.4",
			"resolved": "https://registry.npmjs.org/@napi-rs/wasm-runtime/-/wasm-runtime-1.2.4.tgz",
			"integrity": "sha512-AJxoUD2/15ESHbvpcyjU274nsAPLuOtPHCk0vKJM5pj//Fg/B1FXNWjPnXTT9PymCYYiHo4zPj0ZomXBKhoy7g==",
			"dev": true,
			"license": "MIT",
			"optional": true,
			"dependencies": {
				"@tybys/wasm-util": "^0.10.3"
			},
			"engines": {
				"node": "^20.19.0 || ^22.13.0 || >=23.5.0"
			},
			"funding": {
				"type": "github",
				"url": "https://github.com/sponsors/Brooooooklyn"
			},
			"peerDependencies": {
				"@emnapi/core": "^1.7.1 || ^2.0.0-alpha.4",
				"@emnapi/runtime": "^1.7.1 || ^2.0.0-alpha.4"
			}
		},
		"node_modules/@oxc-parser/binding-android-arm64": {
			"version": "0.98.0",
			"resolved": "https://registry.npmjs.org/@oxc-parser/binding-android-arm64/-/binding-android-arm64-0.98.0.tgz",
			"integrity": "sha512-/4S2BATZLxH94smwxLSvQsnzYjtyh/0mekgMnK/efCaU+92VNYir4+HOs/dvspYsWUooxPvj+AkwRUsLk9IuSg==",
			"cpu": [
				"arm64"
			],
			"dev": true,
			"license": "MIT",
			"optional": true,
			"os": [
				"android"
			],
			"engines": {
				"node": "^20.19.0 || >=22.12.0"
			}
		},
		"node_modules/@oxc-parser/binding-darwin-arm64": {
			"version": "0.98.0",
			"resolved": "https://registry.npmjs.org/@oxc-parser/binding-darwin-arm64/-/binding-darwin-arm64-0.98.0.tgz",
			"integrity": "sha512-joNn+2n+TrDJ79GlwR32LK1gctKIxvSJm93teROFiYEde0Dhq9IZpnxiX9ctw4R2zwmSTf1yistTXIR84UGGDQ==",
			"cpu": [
				"arm64"
			],
			"dev": true,
			"license": "MIT",
			"optional": true,
			"os": [
				"darwin"
			],
			"engines": {
				"node": "^20.19.0 || >=22.12.0"
			}
		},
		"node_modules/@oxc-parser/binding-darwin-x64": {
			"version": "0.98.0",
			"resolved": "https://registry.npmjs.org/@oxc-parser/binding-darwin-x64/-/binding-darwin-x64-0.98.0.tgz",
			"integrity": "sha512-FUVDRGkMpx41bJI+seN57vmkwOp2uSATrU7e3mEjyP6lWTCvJWmD20/fxaXRY/Kh0xHvy1KBn4jPyKoK1ya/cg==",
			"cpu": [
				"x64"
			],
			"dev": true,
			"license": "MIT",
			"optional": true,
			"os": [
				"darwin"
			],
			"engines": {
				"node": "^20.19.0 || >=22.12.0"
			}
		},
		"node_modules/@oxc-parser/binding-freebsd-x64": {
			"version": "0.98.0",
			"resolved": "https://registry.npmjs.org/@oxc-parser/binding-freebsd-x64/-/binding-freebsd-x64-0.98.0.tgz",
			"integrity": "sha512-2ysH/IYALz2mDCnqu0xmJ/s0u2f+LZtDOaTkLhwTSQrLOqK4Pr3n4n564Jd1pxNabr07pAMUvBjQNzvWrKfmOg==",
			"cpu": [
				"x64"
			],
			"dev": true,
			"license": "MIT",
			"optional": true,
			"os": [
				"freebsd"
			],
			"engines": {
				"node": "^20.19.0 || >=22.12.0"
			}
		},
		"node_modules/@oxc-parser/binding-linux-arm-gnueabihf": {
			"version": "0.98.0",
			"resolved": "https://registry.npmjs.org/@oxc-parser/binding-linux-arm-gnueabihf/-/binding-linux-arm-gnueabihf-0.98.0.tgz",
			"integrity": "sha512-7wwkjeCGzGP9gzmJcHyUDT67MP5szMvjlJs3VvWzGaPiQPaMnWzRpuLkycPlslT5/ch8j+rZm2vByPIKz6cIuw==",
			"cpu": [
				"arm"
			],
			"dev": true,
			"license": "MIT",
			"optional": true,
			"os": [
				"linux"
			],
			"engines": {
				"node": "^20.19.0 || >=22.12.0"
			}
		},
		"node_modules/@oxc-parser/binding-linux-arm-musleabihf": {
			"version": "0.98.0",
			"resolved": "https://registry.npmjs.org/@oxc-parser/binding-linux-arm-musleabihf/-/binding-linux-arm-musleabihf-0.98.0.tgz",
			"integrity": "sha512-p93J3cNgVCiCcshXiaq+A+bws8AH0h5LmoEKtt1rJHkZH3uY3dEuuh/3T7arMd+mStVsBM8h+PQ2V/0MyI0rUw==",
			"cpu": [
				"arm"
			],
			"dev": true,
			"license": "MIT",
			"optional": true,
			"os": [
				"linux"
			],
			"engines": {
				"node": "^20.19.0 || >=22.12.0"
			}
		},
		"node_modules/@oxc-parser/binding-linux-arm64-gnu": {
			"version": "0.98.0",
			"resolved": "https://registry.npmjs.org/@oxc-parser/binding-linux-arm64-gnu/-/binding-linux-arm64-gnu-0.98.0.tgz",
			"integrity": "sha512-wiIHSaNbAj7F8Ac5BERGJq2dSy+abNrZILY7s8PNK2VdwWXhfBSeRV+wUt3tC9zdsrvmRaLAUiM9IaRHEwKWsw==",
			"cpu": [
				"arm64"
			],
			"dev": true,
			"license": "MIT",
			"optional": true,
			"os": [
				"linux"
			],
			"engines": {
				"node": "^20.19.0 || >=22.12.0"
			}
		},
		"node_modules/@oxc-parser/binding-linux-arm64-musl": {
			"version": "0.98.0",
			"resolved": "https://registry.npmjs.org/@oxc-parser/binding-linux-arm64-musl/-/binding-linux-arm64-musl-0.98.0.tgz",
			"integrity": "sha512-Z/PBmbYZ+uBxqiKr3FGvg45rUr52FZQed26gJZZWFLt7a7l3AbfAL9bxUG5a+HiDC9+sDZrezJbjSRmTlPPg7Q==",
			"cpu": [
				"arm64"
			],
			"dev": true,
			"license": "MIT",
			"optional": true,
			"os": [
				"linux"
			],
			"engines": {
				"node": "^20.19.0 || >=22.12.0"
			}
		},
		"node_modules/@oxc-parser/binding-linux-riscv64-gnu": {
			"version": "0.98.0",
			"resolved": "https://registry.npmjs.org/@oxc-parser/binding-linux-riscv64-gnu/-/binding-linux-riscv64-gnu-0.98.0.tgz",
			"integrity": "sha512-H4i91pTgQlCWmbVTye2YH0mgSw3YYf5vyJtCzk18IHtSRaYJ6QokyIkXAMStQv5iMBg6CibEKTv3/1vlemW5/g==",
			"cpu": [
				"riscv64"
			],
			"dev": true,
			"license": "MIT",
			"optional": true,
			"os": [
				"linux"
			],
			"engines": {
				"node": "^20.19.0 || >=22.12.0"
			}
		},
		"node_modules/@oxc-parser/binding-linux-s390x-gnu": {
			"version": "0.98.0",
			"resolved": "https://registry.npmjs.org/@oxc-parser/binding-linux-s390x-gnu/-/binding-linux-s390x-gnu-0.98.0.tgz",
			"integrity": "sha512-yNS5u0/K4Zyi7f43mvqMogXe9GedllLWGEwW6btp/sQce7GnGbMV6oDRiDs0C6UlnJMbctEU6qM4LsNkEobCSg==",
			"cpu": [
				"s390x"
			],
			"dev": true,
			"license": "MIT",
			"optional": true,
			"os": [
				"linux"
			],
			"engines": {
				"node": "^20.19.0 || >=22.12.0"
			}
		},
		"node_modules/@oxc-parser/binding-linux-x64-gnu": {
			"version": "0.98.0",
			"resolved": "https://registry.npmjs.org/@oxc-parser/binding-linux-x64-gnu/-/binding-linux-x64-gnu-0.98.0.tgz",
			"integrity": "sha512-gmljgOLJvPljYk4pDxglK9Zg/dYrdnwIINYnNyMmEMl9/5Xn7MoJIR9QN52Vh+Fyq09ftDH89R3R2ef57MRKKw==",
			"cpu": [
				"x64"
			],
			"dev": true,
			"license": "MIT",
			"optional": true,
			"os": [
				"linux"
			],
			"engines": {
				"node": "^20.19.0 || >=22.12.0"
			}
		},
		"node_modules/@oxc-parser/binding-linux-x64-musl": {
			"version": "0.98.0",
			"resolved": "https://registry.npmjs.org/@oxc-parser/binding-linux-x64-musl/-/binding-linux-x64-musl-0.98.0.tgz",
			"integrity": "sha512-zcD9b22Mb1/JsU3nCMGboiFZPFLtqNzViaQoPlN6ceDNejt4SsRDlChmLs/u6PluYn1V1SrvAThx1Skq2esD/A==",
			"cpu": [
				"x64"
			],
			"dev": true,
			"license": "MIT",
			"optional": true,
			"os": [
				"linux"
			],
			"engines": {
				"node": "^20.19.0 || >=22.12.0"
			}
		},
		"node_modules/@oxc-parser/binding-wasm32-wasi": {
			"version": "0.98.0",
			"resolved": "https://registry.npmjs.org/@oxc-parser/binding-wasm32-wasi/-/binding-wasm32-wasi-0.98.0.tgz",
			"integrity": "sha512-vp2OlfPGYMudNlDLL5+UJPPRn/RUI2VMFhKBnpC+nuAOz69IOf70ajwDATw+9jc8vVftuDzn06u+XTWJZGkGvQ==",
			"cpu": [
				"wasm32"
			],
			"dev": true,
			"license": "MIT",
			"optional": true,
			"dependencies": {
				"@napi-rs/wasm-runtime": "^1.0.7"
			},
			"engines": {
				"node": ">=14.0.0"
			}
		},
		"node_modules/@oxc-parser/binding-win32-arm64-msvc": {
			"version": "0.98.0",
			"resolved": "https://registry.npmjs.org/@oxc-parser/binding-win32-arm64-msvc/-/binding-win32-arm64-msvc-0.98.0.tgz",
			"integrity": "sha512-2SJI5E46/lBknEsTtxzFvlyUWAWBs6hSYbj46uIBfNpnLbF/lqo3ekuk1w5evEJjZdgYk7ayDSaRE1bm+7XUaw==",
			"cpu": [
				"arm64"
			],
			"dev": true,
			"license": "MIT",
			"optional": true,
			"os": [
				"win32"
			],
			"engines": {
				"node": "^20.19.0 || >=22.12.0"
			}
		},
		"node_modules/@oxc-parser/binding-win32-x64-msvc": {
			"version": "0.98.0",
			"resolved": "https://registry.npmjs.org/@oxc-parser/binding-win32-x64-msvc/-/binding-win32-x64-msvc-0.98.0.tgz",
			"integrity": "sha512-o5PfFt85u0nx2VLiKr2e+8j7kN4WaQR5sUTMZv2X0SOXfsLmmvr7DldQTeV/uWWLi0kFw0qpekKLBheHK1V2tA==",
			"cpu": [
				"x64"
			],
			"dev": true,
			"license": "MIT",
			"optional": true,
			"os": [
				"win32"
			],
			"engines": {
				"node": "^20.19.0 || >=22.12.0"
			}
		},
		"node_modules/@oxc-project/types": {
			"version": "0.98.0",
			"resolved": "https://registry.npmjs.org/@oxc-project/types/-/types-0.98.0.tgz",
			"integrity": "sha512-Vzmd6FsqVuz5HQVcRC/hrx7Ujo3WEVeQP7C2UNP5uy1hUY4SQvMB+93jxkI1KRHz9a/6cni3glPOtvteN+zpsw==",
			"dev": true,
			"license": "MIT",
			"funding": {
				"url": "https://github.com/sponsors/Boshen"
			}
		},
		"node_modules/@tybys/wasm-util": {
			"version": "0.10.4",
			"resolved": "https://registry.npmjs.org/@tybys/wasm-util/-/wasm-util-0.10.4.tgz",
			"integrity": "sha512-W3c4gRigFS0T/Ma4qIYF3GDAc5AQdHb1yL5znJT1Zv1YaD9Kitx656wBjvr19qbiosmZT8lWDM5BEMynUqX65A==",
			"dev": true,
			"license": "MIT",
			"optional": true,
			"dependencies": {
				"tslib": "^2.4.0"
			}
		},
		"node_modules/oxc-parser": {
			"version": "0.98.0",
			"resolved": "https://registry.npmjs.org/oxc-parser/-/oxc-parser-0.98.0.tgz",
			"integrity": "sha512-gt99VUKRlZ6ZB3VBgqMJD858E8V5UpBQWX7cVI9XaYzuS8e3nN63uRlwPfkFoE4JN+MGxJ/WSRhBUhxUv23A/Q==",
			"dev": true,
			"license": "MIT",
			"dependencies": {
				"@oxc-project/types": "^0.98.0"
			},
			"engines": {
				"node": "^20.19.0 || >=22.12.0"
			},
			"funding": {
				"url": "https://github.com/sponsors/Boshen"
			},
			"optionalDependencies": {
				"@oxc-parser/binding-android-arm64": "0.98.0",
				"@oxc-parser/binding-darwin-arm64": "0.98.0",
				"@oxc-parser/binding-darwin-x64": "0.98.0",
				"@oxc-parser/binding-freebsd-x64": "0.98.0",
				"@oxc-parser/binding-linux-arm-gnueabihf": "0.98.0",
				"@oxc-parser/binding-linux-arm-musleabihf": "0.98.0",
				"@oxc-parser/binding-linux-arm64-gnu": "0.98.0",
				"@oxc-parser/binding-linux-arm64-musl": "0.98.0",
				"@oxc-parser/binding-linux-riscv64-gnu": "0.98.0",
				"@oxc-parser/binding-linux-s390x-gnu": "0.98.0",
				"@oxc-parser/binding-linux-x64-gnu": "0.98.0",
				"@oxc-parser/binding-linux-x64-musl": "0.98.0",
				"@oxc-parser/binding-wasm32-wasi": "0.98.0",
				"@oxc-parser/binding-win32-arm64-msvc": "0.98.0",
				"@oxc-parser/binding-win32-x64-msvc": "0.98.0"
			}
		},
		"node_modules/tslib": {
			"version": "2.8.1",
			"resolved": "https://registry.npmjs.org/tslib/-/tslib-2.8.1.tgz",
			"integrity": "sha512-oJFu94HQb+KVduSUQL7wnpmqnfmLsOA/nAh6b6EH0wCEoK0/mPeXU6c3wKDV83MkOuHPRHtSXKKU99IBazS/2w==",
			"dev": true,
			"license": "0BSD",
			"optional": true
		}
	}
}
